
Microsoft Visual Studio Solution File, Format Version 12.00
# Visual Studio 15
VisualStudioVersion = 15.0.27130.2024
MinimumVisualStudioVersion = 10.0.40219.1
Project("{FAE04EC0-301F-11D3-BF4B-00C04F79EFBC}") = "Tiedontallennus", "Tiedontallennus\Tiedontallennus.csproj", "{698B74C3-7C47-4A59-A576-86E50435654E}"
EndProject
Global
	GlobalSection(SolutionConfigurationPlatforms) = preSolution
		Debug|Any CPU = Debug|Any CPU
		Release|Any CPU = Release|Any CPU
	EndGlobalSection
	GlobalSection(ProjectConfigurationPlatforms) = postSolution
		{698B74C3-7C47-4A59-A576-86E50435654E}.Debug|Any CPU.ActiveCfg = Debug|Any CPU
		{698B74C3-7C47-4A59-A576-86E50435654E}.Debug|Any CPU.Build.0 = Debug|Any CPU
		{698B74C3-7C47-4A59-A576-86E50435654E}.Release|Any CPU.ActiveCfg = Release|Any CPU
		{698B74C3-7C47-4A59-A576-86E50435654E}.Release|Any CPU.Build.0 = Release|Any CPU
	EndGlobalSection
	GlobalSection(SolutionProperties) = preSolution
		HideSolutionNode = FALSE
	EndGlobalSection
	GlobalSection(ExtensibilityGlobals) = postSolution
		SolutionGuid = {81D27F07-D864-4385-A927-C619121E3831}
	EndGlobalSection
EndGlobal
