
Microsoft Visual Studio Solution File, Format Version 12.00
# Visual Studio 15
VisualStudioVersion = 15.0.27130.2024
MinimumVisualStudioVersion = 10.0.40219.1
Project("{FAE04EC0-301F-11D3-BF4B-00C04F79EFBC}") = "WebApplication2testi", "WebApplication2testi\WebApplication2testi.csproj", "{612F0386-916E-47FA-9DA3-AD7935B0D155}"
EndProject
Project("{FAE04EC0-301F-11D3-BF4B-00C04F79EFBC}") = "WebApplication2testi.Tests", "WebApplication2testi.Tests\WebApplication2testi.Tests.csproj", "{2CB2D6E7-91C3-425C-B947-091026D4EAEC}"
EndProject
Global
	GlobalSection(SolutionConfigurationPlatforms) = preSolution
		Debug|Any CPU = Debug|Any CPU
		Release|Any CPU = Release|Any CPU
	EndGlobalSection
	GlobalSection(ProjectConfigurationPlatforms) = postSolution
		{612F0386-916E-47FA-9DA3-AD7935B0D155}.Debug|Any CPU.ActiveCfg = Debug|Any CPU
		{612F0386-916E-47FA-9DA3-AD7935B0D155}.Debug|Any CPU.Build.0 = Debug|Any CPU
		{612F0386-916E-47FA-9DA3-AD7935B0D155}.Release|Any CPU.ActiveCfg = Release|Any CPU
		{612F0386-916E-47FA-9DA3-AD7935B0D155}.Release|Any CPU.Build.0 = Release|Any CPU
		{2CB2D6E7-91C3-425C-B947-091026D4EAEC}.Debug|Any CPU.ActiveCfg = Debug|Any CPU
		{2CB2D6E7-91C3-425C-B947-091026D4EAEC}.Debug|Any CPU.Build.0 = Debug|Any CPU
		{2CB2D6E7-91C3-425C-B947-091026D4EAEC}.Release|Any CPU.ActiveCfg = Release|Any CPU
		{2CB2D6E7-91C3-425C-B947-091026D4EAEC}.Release|Any CPU.Build.0 = Release|Any CPU
	EndGlobalSection
	GlobalSection(SolutionProperties) = preSolution
		HideSolutionNode = FALSE
	EndGlobalSection
	GlobalSection(ExtensibilityGlobals) = postSolution
		SolutionGuid = {70C76D02-FD84-474A-9190-F820BDA310E8}
	EndGlobalSection
EndGlobal
